// !$*UTF8*$!
{
	archiveVersion = 1;
	classes = {
	};
	objectVersion = 45;
	objects = {

/* Begin PBXBuildFile section */
		1D3623260D0F684500981E51 /* HowOldAppDelegate.m in Sources */ = {isa = PBXBuildFile; fileRef = 1D3623250D0F684500981E51 /* HowOldAppDelegate.m */; };
		1D60589B0D05DD56006BFB54 /* main.m in Sources */ = {isa = PBXBuildFile; fileRef = 29B97316FDCFA39411CA2CEA /* main.m */; };
		1D60589F0D05DD5A006BFB54 /* Foundation.framework in Frameworks */ = {isa = PBXBuildFile; fileRef = 1D30AB110D05D00D00671497 /* Foundation.framework */; };
		1DF5F4E00D08C38300B7A737 /* UIKit.framework in Frameworks */ = {isa = PBXBuildFile; fileRef = 1DF5F4DF0D08C38300B7A737 /* UIKit.framework */; };
		288765A50DF7441C002DB57D /* CoreGraphics.framework in Frameworks */ = {isa = PBXBuildFile; fileRef = 288765A40DF7441C002DB57D /* CoreGraphics.framework */; };
		2899E5220DE3E06400AC0155 /* HowOldViewController.xib in Resources */ = {isa = PBXBuildFile; fileRef = 2899E5210DE3E06400AC0155 /* HowOldViewController.xib */; };
		28AD733F0D9D9553002E5188 /* MainWindow.xib in Resources */ = {isa = PBXBuildFile; fileRef = 28AD733E0D9D9553002E5188 /* MainWindow.xib */; };
		28D7ACF80DDB3853001CB0EB /* HowOldViewController.m in Sources */ = {isa = PBXBuildFile; fileRef = 28D7ACF70DDB3853001CB0EB /* HowOldViewController.m */; };
		3815396812DA293500BB35E0 /* iAd.framework in Frameworks */ = {isa = PBXBuildFile; fileRef = 3815396712DA293500BB35E0 /* iAd.framework */; };
		38789AC712D9F73700998694 /* CFNetwork.framework in Frameworks */ = {isa = PBXBuildFile; fileRef = 38789AC612D9F73700998694 /* CFNetwork.framework */; };
		38789ACB12D9F73C00998694 /* SystemConfiguration.framework in Frameworks */ = {isa = PBXBuildFile; fileRef = 38789ACA12D9F73C00998694 /* SystemConfiguration.framework */; };
		38789AD212D9F75900998694 /* libz.1.1.3.dylib in Frameworks */ = {isa = PBXBuildFile; fileRef = 38789AD012D9F74C00998694 /* libz.1.1.3.dylib */; };
		38789ADD12D9F76B00998694 /* MobileCoreServices.framework in Frameworks */ = {isa = PBXBuildFile; fileRef = 38789ADC12D9F76B00998694 /* MobileCoreServices.framework */; };
		38789B6012DA002500998694 /* ASIAuthenticationDialog.m in Sources */ = {isa = PBXBuildFile; fileRef = 38789B4B12DA002500998694 /* ASIAuthenticationDialog.m */; };
		38789B6112DA002500998694 /* ASIDataCompressor.m in Sources */ = {isa = PBXBuildFile; fileRef = 38789B4E12DA002500998694 /* ASIDataCompressor.m */; };
		38789B6212DA002500998694 /* ASIDataDecompressor.m in Sources */ = {isa = PBXBuildFile; fileRef = 38789B5012DA002500998694 /* ASIDataDecompressor.m */; };
		38789B6312DA002500998694 /* ASIDownloadCache.m in Sources */ = {isa = PBXBuildFile; fileRef = 38789B5212DA002500998694 /* ASIDownloadCache.m */; };
		38789B6412DA002500998694 /* ASIFormDataRequest.m in Sources */ = {isa = PBXBuildFile; fileRef = 38789B5412DA002500998694 /* ASIFormDataRequest.m */; };
		38789B6512DA002500998694 /* ASIHTTPRequest.m in Sources */ = {isa = PBXBuildFile; fileRef = 38789B5612DA002500998694 /* ASIHTTPRequest.m */; };
		38789B6612DA002500998694 /* ASIInputStream.m in Sources */ = {isa = PBXBuildFile; fileRef = 38789B5A12DA002500998694 /* ASIInputStream.m */; };
		38789B6712DA002500998694 /* ASINetworkQueue.m in Sources */ = {isa = PBXBuildFile; fileRef = 38789B5C12DA002500998694 /* ASINetworkQueue.m */; };
		38789B6812DA002500998694 /* Reachability.m in Sources */ = {isa = PBXBuildFile; fileRef = 38789B5F12DA002500998694 /* Reachability.m */; };
		38789C4512DA0FBE00998694 /* HTMLNode.m in Sources */ = {isa = PBXBuildFile; fileRef = 38789C4212DA0FBE00998694 /* HTMLNode.m */; };
		38789C4612DA0FBE00998694 /* HTMLParser.m in Sources */ = {isa = PBXBuildFile; fileRef = 38789C4412DA0FBE00998694 /* HTMLParser.m */; };
		38789C5612DA118600998694 /* libxml2.dylib in Frameworks */ = {isa = PBXBuildFile; fileRef = 38789C5512DA118600998694 /* libxml2.dylib */; };
		389A0C2612DAA2BA0007AEE9 /* icon.png in Resources */ = {isa = PBXBuildFile; fileRef = 389A0C2512DAA2BA0007AEE9 /* icon.png */; };
		38AEA62E12DA95C600E9339B /* CDataScanner.m in Sources */ = {isa = PBXBuildFile; fileRef = 38AEA61612DA95C600E9339B /* CDataScanner.m */; };
		38AEA62F12DA95C600E9339B /* CDataScanner_Extensions.m in Sources */ = {isa = PBXBuildFile; fileRef = 38AEA61812DA95C600E9339B /* CDataScanner_Extensions.m */; };
		38AEA63012DA95C600E9339B /* CJSONDataSerializer.m in Sources */ = {isa = PBXBuildFile; fileRef = 38AEA61A12DA95C600E9339B /* CJSONDataSerializer.m */; };
		38AEA63112DA95C600E9339B /* CJSONDeserializer.m in Sources */ = {isa = PBXBuildFile; fileRef = 38AEA61C12DA95C600E9339B /* CJSONDeserializer.m */; };
		38AEA63212DA95C600E9339B /* CJSONScanner.m in Sources */ = {isa = PBXBuildFile; fileRef = 38AEA61E12DA95C600E9339B /* CJSONScanner.m */; };
		38AEA63312DA95C600E9339B /* CJSONSerializer.m in Sources */ = {isa = PBXBuildFile; fileRef = 38AEA62012DA95C600E9339B /* CJSONSerializer.m */; };
		38AEA63412DA95C600E9339B /* CSerializedJSONData.m in Sources */ = {isa = PBXBuildFile; fileRef = 38AEA62212DA95C600E9339B /* CSerializedJSONData.m */; };
		38AEA63512DA95C600E9339B /* NSCharacterSet_Extensions.m in Sources */ = {isa = PBXBuildFile; fileRef = 38AEA62412DA95C600E9339B /* NSCharacterSet_Extensions.m */; };
		38AEA63612DA95C600E9339B /* NSScanner_Extensions.m in Sources */ = {isa = PBXBuildFile; fileRef = 38AEA62612DA95C600E9339B /* NSScanner_Extensions.m */; };
		38AEA63712DA95C600E9339B /* NSData+Base64.m in Sources */ = {isa = PBXBuildFile; fileRef = 38AEA62912DA95C600E9339B /* NSData+Base64.m */; };
		38AEA63812DA95C600E9339B /* MixpanelAPI.m in Sources */ = {isa = PBXBuildFile; fileRef = 38AEA62B12DA95C600E9339B /* MixpanelAPI.m */; };
		38AEA63912DA95C600E9339B /* MixpanelEvent.m in Sources */ = {isa = PBXBuildFile; fileRef = 38AEA62D12DA95C600E9339B /* MixpanelEvent.m */; };
/* End PBXBuildFile section */

/* Begin PBXFileReference section */
		1D30AB110D05D00D00671497 /* Foundation.framework */ = {isa = PBXFileReference; lastKnownFileType = wrapper.framework; name = Foundation.framework; path = System/Library/Frameworks/Foundation.framework; sourceTree = SDKROOT; };
		1D3623240D0F684500981E51 /* HowOldAppDelegate.h */ = {isa = PBXFileReference; fileEncoding = 4; lastKnownFileType = sourcecode.c.h; path = HowOldAppDelegate.h; sourceTree = "<group>"; };
		1D3623250D0F684500981E51 /* HowOldAppDelegate.m */ = {isa = PBXFileReference; fileEncoding = 4; lastKnownFileType = sourcecode.c.objc; path = HowOldAppDelegate.m; sourceTree = "<group>"; };
		1D6058910D05DD3D006BFB54 /* HowOld.app */ = {isa = PBXFileReference; explicitFileType = wrapper.application; includeInIndex = 0; path = HowOld.app; sourceTree = BUILT_PRODUCTS_DIR; };
		1DF5F4DF0D08C38300B7A737 /* UIKit.framework */ = {isa = PBXFileReference; lastKnownFileType = wrapper.framework; name = UIKit.framework; path = System/Library/Frameworks/UIKit.framework; sourceTree = SDKROOT; };
		288765A40DF7441C002DB57D /* CoreGraphics.framework */ = {isa = PBXFileReference; lastKnownFileType = wrapper.framework; name = CoreGraphics.framework; path = System/Library/Frameworks/CoreGraphics.framework; sourceTree = SDKROOT; };
		2899E5210DE3E06400AC0155 /* HowOldViewController.xib */ = {isa = PBXFileReference; lastKnownFileType = file.xib; path = HowOldViewController.xib; sourceTree = "<group>"; };
		28AD733E0D9D9553002E5188 /* MainWindow.xib */ = {isa = PBXFileReference; lastKnownFileType = file.xib; path = MainWindow.xib; sourceTree = "<group>"; };
		28D7ACF60DDB3853001CB0EB /* HowOldViewController.h */ = {isa = PBXFileReference; fileEncoding = 4; lastKnownFileType = sourcecode.c.h; path = HowOldViewController.h; sourceTree = "<group>"; };
		28D7ACF70DDB3853001CB0EB /* HowOldViewController.m */ = {isa = PBXFileReference; fileEncoding = 4; lastKnownFileType = sourcecode.c.objc; path = HowOldViewController.m; sourceTree = "<group>"; };
		29B97316FDCFA39411CA2CEA /* main.m */ = {isa = PBXFileReference; fileEncoding = 4; lastKnownFileType = sourcecode.c.objc; path = main.m; sourceTree = "<group>"; };
		32CA4F630368D1EE00C91783 /* HowOld_Prefix.pch */ = {isa = PBXFileReference; fileEncoding = 4; lastKnownFileType = sourcecode.c.h; path = HowOld_Prefix.pch; sourceTree = "<group>"; };
		3815396712DA293500BB35E0 /* iAd.framework */ = {isa = PBXFileReference; lastKnownFileType = wrapper.framework; name = iAd.framework; path = System/Library/Frameworks/iAd.framework; sourceTree = SDKROOT; };
		38789AC612D9F73700998694 /* CFNetwork.framework */ = {isa = PBXFileReference; lastKnownFileType = wrapper.framework; name = CFNetwork.framework; path = System/Library/Frameworks/CFNetwork.framework; sourceTree = SDKROOT; };
		38789ACA12D9F73C00998694 /* SystemConfiguration.framework */ = {isa = PBXFileReference; lastKnownFileType = wrapper.framework; name = SystemConfiguration.framework; path = System/Library/Frameworks/SystemConfiguration.framework; sourceTree = SDKROOT; };
		38789ACE12D9F74000998694 /* libc.dylib */ = {isa = PBXFileReference; lastKnownFileType = "compiled.mach-o.dylib"; name = libc.dylib; path = usr/lib/libc.dylib; sourceTree = SDKROOT; };
		38789AD012D9F74C00998694 /* libz.1.1.3.dylib */ = {isa = PBXFileReference; lastKnownFileType = "compiled.mach-o.dylib"; name = libz.1.1.3.dylib; path = usr/lib/libz.1.1.3.dylib; sourceTree = SDKROOT; };
		38789ADC12D9F76B00998694 /* MobileCoreServices.framework */ = {isa = PBXFileReference; lastKnownFileType = wrapper.framework; name = MobileCoreServices.framework; path = System/Library/Frameworks/MobileCoreServices.framework; sourceTree = SDKROOT; };
		38789B4A12DA002500998694 /* ASIAuthenticationDialog.h */ = {isa = PBXFileReference; fileEncoding = 4; lastKnownFileType = sourcecode.c.h; path = ASIAuthenticationDialog.h; sourceTree = "<group>"; };
		38789B4B12DA002500998694 /* ASIAuthenticationDialog.m */ = {isa = PBXFileReference; fileEncoding = 4; lastKnownFileType = sourcecode.c.objc; path = ASIAuthenticationDialog.m; sourceTree = "<group>"; };
		38789B4C12DA002500998694 /* ASICacheDelegate.h */ = {isa = PBXFileReference; fileEncoding = 4; lastKnownFileType = sourcecode.c.h; path = ASICacheDelegate.h; sourceTree = "<group>"; };
		38789B4D12DA002500998694 /* ASIDataCompressor.h */ = {isa = PBXFileReference; fileEncoding = 4; lastKnownFileType = sourcecode.c.h; path = ASIDataCompressor.h; sourceTree = "<group>"; };
		38789B4E12DA002500998694 /* ASIDataCompressor.m */ = {isa = PBXFileReference; fileEncoding = 4; lastKnownFileType = sourcecode.c.objc; path = ASIDataCompressor.m; sourceTree = "<group>"; };
		38789B4F12DA002500998694 /* ASIDataDecompressor.h */ = {isa = PBXFileReference; fileEncoding = 4; lastKnownFileType = sourcecode.c.h; path = ASIDataDecompressor.h; sourceTree = "<group>"; };
		38789B5012DA002500998694 /* ASIDataDecompressor.m */ = {isa = PBXFileReference; fileEncoding = 4; lastKnownFileType = sourcecode.c.objc; path = ASIDataDecompressor.m; sourceTree = "<group>"; };
		38789B5112DA002500998694 /* ASIDownloadCache.h */ = {isa = PBXFileReference; fileEncoding = 4; lastKnownFileType = sourcecode.c.h; path = ASIDownloadCache.h; sourceTree = "<group>"; };
		38789B5212DA002500998694 /* ASIDownloadCache.m */ = {isa = PBXFileReference; fileEncoding = 4; lastKnownFileType = sourcecode.c.objc; path = ASIDownloadCache.m; sourceTree = "<group>"; };
		38789B5312DA002500998694 /* ASIFormDataRequest.h */ = {isa = PBXFileReference; fileEncoding = 4; lastKnownFileType = sourcecode.c.h; path = ASIFormDataRequest.h; sourceTree = "<group>"; };
		38789B5412DA002500998694 /* ASIFormDataRequest.m */ = {isa = PBXFileReference; fileEncoding = 4; lastKnownFileType = sourcecode.c.objc; path = ASIFormDataRequest.m; sourceTree = "<group>"; };
		38789B5512DA002500998694 /* ASIHTTPRequest.h */ = {isa = PBXFileReference; fileEncoding = 4; lastKnownFileType = sourcecode.c.h; path = ASIHTTPRequest.h; sourceTree = "<group>"; };
		38789B5612DA002500998694 /* ASIHTTPRequest.m */ = {isa = PBXFileReference; fileEncoding = 4; lastKnownFileType = sourcecode.c.objc; path = ASIHTTPRequest.m; sourceTree = "<group>"; };
		38789B5712DA002500998694 /* ASIHTTPRequestConfig.h */ = {isa = PBXFileReference; fileEncoding = 4; lastKnownFileType = sourcecode.c.h; path = ASIHTTPRequestConfig.h; sourceTree = "<group>"; };
		38789B5812DA002500998694 /* ASIHTTPRequestDelegate.h */ = {isa = PBXFileReference; fileEncoding = 4; lastKnownFileType = sourcecode.c.h; path = ASIHTTPRequestDelegate.h; sourceTree = "<group>"; };
		38789B5912DA002500998694 /* ASIInputStream.h */ = {isa = PBXFileReference; fileEncoding = 4; lastKnownFileType = sourcecode.c.h; path = ASIInputStream.h; sourceTree = "<group>"; };
		38789B5A12DA002500998694 /* ASIInputStream.m */ = {isa = PBXFileReference; fileEncoding = 4; lastKnownFileType = sourcecode.c.objc; path = ASIInputStream.m; sourceTree = "<group>"; };
		38789B5B12DA002500998694 /* ASINetworkQueue.h */ = {isa = PBXFileReference; fileEncoding = 4; lastKnownFileType = sourcecode.c.h; path = ASINetworkQueue.h; sourceTree = "<group>"; };
		38789B5C12DA002500998694 /* ASINetworkQueue.m */ = {isa = PBXFileReference; fileEncoding = 4; lastKnownFileType = sourcecode.c.objc; path = ASINetworkQueue.m; sourceTree = "<group>"; };
		38789B5D12DA002500998694 /* ASIProgressDelegate.h */ = {isa = PBXFileReference; fileEncoding = 4; lastKnownFileType = sourcecode.c.h; path = ASIProgressDelegate.h; sourceTree = "<group>"; };
		38789B5E12DA002500998694 /* Reachability.h */ = {isa = PBXFileReference; fileEncoding = 4; lastKnownFileType = sourcecode.c.h; path = Reachability.h; sourceTree = "<group>"; };
		38789B5F12DA002500998694 /* Reachability.m */ = {isa = PBXFileReference; fileEncoding = 4; lastKnownFileType = sourcecode.c.objc; path = Reachability.m; sourceTree = "<group>"; };
		38789C4112DA0FBE00998694 /* HTMLNode.h */ = {isa = PBXFileReference; fileEncoding = 4; lastKnownFileType = sourcecode.c.h; path = HTMLNode.h; sourceTree = "<group>"; };
		38789C4212DA0FBE00998694 /* HTMLNode.m */ = {isa = PBXFileReference; fileEncoding = 4; lastKnownFileType = sourcecode.c.objc; path = HTMLNode.m; sourceTree = "<group>"; };
		38789C4312DA0FBE00998694 /* HTMLParser.h */ = {isa = PBXFileReference; fileEncoding = 4; lastKnownFileType = sourcecode.c.h; path = HTMLParser.h; sourceTree = "<group>"; };
		38789C4412DA0FBE00998694 /* HTMLParser.m */ = {isa = PBXFileReference; fileEncoding = 4; lastKnownFileType = sourcecode.c.objc; path = HTMLParser.m; sourceTree = "<group>"; };
		38789C5512DA118600998694 /* libxml2.dylib */ = {isa = PBXFileReference; lastKnownFileType = "compiled.mach-o.dylib"; name = libxml2.dylib; path = usr/lib/libxml2.dylib; sourceTree = SDKROOT; };
		389A0C2512DAA2BA0007AEE9 /* icon.png */ = {isa = PBXFileReference; lastKnownFileType = image.png; path = icon.png; sourceTree = "<group>"; };
		38AEA61512DA95C600E9339B /* CDataScanner.h */ = {isa = PBXFileReference; fileEncoding = 4; lastKnownFileType = sourcecode.c.h; path = CDataScanner.h; sourceTree = "<group>"; };
		38AEA61612DA95C600E9339B /* CDataScanner.m */ = {isa = PBXFileReference; fileEncoding = 4; lastKnownFileType = sourcecode.c.objc; path = CDataScanner.m; sourceTree = "<group>"; };
		38AEA61712DA95C600E9339B /* CDataScanner_Extensions.h */ = {isa = PBXFileReference; fileEncoding = 4; lastKnownFileType = sourcecode.c.h; path = CDataScanner_Extensions.h; sourceTree = "<group>"; };
		38AEA61812DA95C600E9339B /* CDataScanner_Extensions.m */ = {isa = PBXFileReference; fileEncoding = 4; lastKnownFileType = sourcecode.c.objc; path = CDataScanner_Extensions.m; sourceTree = "<group>"; };
		38AEA61912DA95C600E9339B /* CJSONDataSerializer.h */ = {isa = PBXFileReference; fileEncoding = 4; lastKnownFileType = sourcecode.c.h; path = CJSONDataSerializer.h; sourceTree = "<group>"; };
		38AEA61A12DA95C600E9339B /* CJSONDataSerializer.m */ = {isa = PBXFileReference; fileEncoding = 4; lastKnownFileType = sourcecode.c.objc; path = CJSONDataSerializer.m; sourceTree = "<group>"; };
		38AEA61B12DA95C600E9339B /* CJSONDeserializer.h */ = {isa = PBXFileReference; fileEncoding = 4; lastKnownFileType = sourcecode.c.h; path = CJSONDeserializer.h; sourceTree = "<group>"; };
		38AEA61C12DA95C600E9339B /* CJSONDeserializer.m */ = {isa = PBXFileReference; fileEncoding = 4; lastKnownFileType = sourcecode.c.objc; path = CJSONDeserializer.m; sourceTree = "<group>"; };
		38AEA61D12DA95C600E9339B /* CJSONScanner.h */ = {isa = PBXFileReference; fileEncoding = 4; lastKnownFileType = sourcecode.c.h; path = CJSONScanner.h; sourceTree = "<group>"; };
		38AEA61E12DA95C600E9339B /* CJSONScanner.m */ = {isa = PBXFileReference; fileEncoding = 4; lastKnownFileType = sourcecode.c.objc; path = CJSONScanner.m; sourceTree = "<group>"; };
		38AEA61F12DA95C600E9339B /* CJSONSerializer.h */ = {isa = PBXFileReference; fileEncoding = 4; lastKnownFileType = sourcecode.c.h; path = CJSONSerializer.h; sourceTree = "<group>"; };
		38AEA62012DA95C600E9339B /* CJSONSerializer.m */ = {isa = PBXFileReference; fileEncoding = 4; lastKnownFileType = sourcecode.c.objc; path = CJSONSerializer.m; sourceTree = "<group>"; };
		38AEA62112DA95C600E9339B /* CSerializedJSONData.h */ = {isa = PBXFileReference; fileEncoding = 4; lastKnownFileType = sourcecode.c.h; path = CSerializedJSONData.h; sourceTree = "<group>"; };
		38AEA62212DA95C600E9339B /* CSerializedJSONData.m */ = {isa = PBXFileReference; fileEncoding = 4; lastKnownFileType = sourcecode.c.objc; path = CSerializedJSONData.m; sourceTree = "<group>"; };
		38AEA62312DA95C600E9339B /* NSCharacterSet_Extensions.h */ = {isa = PBXFileReference; fileEncoding = 4; lastKnownFileType = sourcecode.c.h; path = NSCharacterSet_Extensions.h; sourceTree = "<group>"; };
		38AEA62412DA95C600E9339B /* NSCharacterSet_Extensions.m */ = {isa = PBXFileReference; fileEncoding = 4; lastKnownFileType = sourcecode.c.objc; path = NSCharacterSet_Extensions.m; sourceTree = "<group>"; };
		38AEA62512DA95C600E9339B /* NSScanner_Extensions.h */ = {isa = PBXFileReference; fileEncoding = 4; lastKnownFileType = sourcecode.c.h; path = NSScanner_Extensions.h; sourceTree = "<group>"; };
		38AEA62612DA95C600E9339B /* NSScanner_Extensions.m */ = {isa = PBXFileReference; fileEncoding = 4; lastKnownFileType = sourcecode.c.objc; path = NSScanner_Extensions.m; sourceTree = "<group>"; };
		38AEA62812DA95C600E9339B /* NSData+Base64.h */ = {isa = PBXFileReference; fileEncoding = 4; lastKnownFileType = sourcecode.c.h; path = "NSData+Base64.h"; sourceTree = "<group>"; };
		38AEA62912DA95C600E9339B /* NSData+Base64.m */ = {isa = PBXFileReference; fileEncoding = 4; lastKnownFileType = sourcecode.c.objc; path = "NSData+Base64.m"; sourceTree = "<group>"; };
		38AEA62A12DA95C600E9339B /* MixpanelAPI.h */ = {isa = PBXFileReference; fileEncoding = 4; lastKnownFileType = sourcecode.c.h; path = MixpanelAPI.h; sourceTree = "<group>"; };
		38AEA62B12DA95C600E9339B /* MixpanelAPI.m */ = {isa = PBXFileReference; fileEncoding = 4; lastKnownFileType = sourcecode.c.objc; path = MixpanelAPI.m; sourceTree = "<group>"; };
		38AEA62C12DA95C600E9339B /* MixpanelEvent.h */ = {isa = PBXFileReference; fileEncoding = 4; lastKnownFileType = sourcecode.c.h; path = MixpanelEvent.h; sourceTree = "<group>"; };
		38AEA62D12DA95C600E9339B /* MixpanelEvent.m */ = {isa = PBXFileReference; fileEncoding = 4; lastKnownFileType = sourcecode.c.objc; path = MixpanelEvent.m; sourceTree = "<group>"; };
		8D1107310486CEB800E47090 /* HowOld-Info.plist */ = {isa = PBXFileReference; fileEncoding = 4; lastKnownFileType = text.plist.xml; path = "HowOld-Info.plist"; plistStructureDefinitionIdentifier = "com.apple.xcode.plist.structure-definition.iphone.info-plist"; sourceTree = "<group>"; };
/* End PBXFileReference section */

/* Begin PBXFrameworksBuildPhase section */
		1D60588F0D05DD3D006BFB54 /* Frameworks */ = {
			isa = PBXFrameworksBuildPhase;
			buildActionMask = 2147483647;
			files = (
				1D60589F0D05DD5A006BFB54 /* Foundation.framework in Frameworks */,
				1DF5F4E00D08C38300B7A737 /* UIKit.framework in Frameworks */,
				288765A50DF7441C002DB57D /* CoreGraphics.framework in Frameworks */,
				38789AC712D9F73700998694 /* CFNetwork.framework in Frameworks */,
				38789ACB12D9F73C00998694 /* SystemConfiguration.framework in Frameworks */,
				38789AD212D9F75900998694 /* libz.1.1.3.dylib in Frameworks */,
				38789ADD12D9F76B00998694 /* MobileCoreServices.framework in Frameworks */,
				38789C5612DA118600998694 /* libxml2.dylib in Frameworks */,
				3815396812DA293500BB35E0 /* iAd.framework in Frameworks */,
			);
			runOnlyForDeploymentPostprocessing = 0;
		};
/* End PBXFrameworksBuildPhase section */

/* Begin PBXGroup section */
		080E96DDFE201D6D7F000001 /* Classes */ = {
			isa = PBXGroup;
			children = (
				38789C4012DA0FBE00998694 /* HTMLParser */,
				38789B4912DA002500998694 /* ASIHTTPRequest */,
				1D3623240D0F684500981E51 /* HowOldAppDelegate.h */,
				1D3623250D0F684500981E51 /* HowOldAppDelegate.m */,
				28D7ACF60DDB3853001CB0EB /* HowOldViewController.h */,
				28D7ACF70DDB3853001CB0EB /* HowOldViewController.m */,
			);
			path = Classes;
			sourceTree = "<group>";
		};
		19C28FACFE9D520D11CA2CBB /* Products */ = {
			isa = PBXGroup;
			children = (
				1D6058910D05DD3D006BFB54 /* HowOld.app */,
			);
			name = Products;
			sourceTree = "<group>";
		};
		29B97314FDCFA39411CA2CEA /* CustomTemplate */ = {
			isa = PBXGroup;
			children = (
				080E96DDFE201D6D7F000001 /* Classes */,
				29B97315FDCFA39411CA2CEA /* Other Sources */,
				29B97317FDCFA39411CA2CEA /* Resources */,
				29B97323FDCFA39411CA2CEA /* Frameworks */,
				19C28FACFE9D520D11CA2CBB /* Products */,
				38789AC612D9F73700998694 /* CFNetwork.framework */,
				38789ACA12D9F73C00998694 /* SystemConfiguration.framework */,
				38789ACE12D9F74000998694 /* libc.dylib */,
				38789AD012D9F74C00998694 /* libz.1.1.3.dylib */,
				38789ADC12D9F76B00998694 /* MobileCoreServices.framework */,
			);
			name = CustomTemplate;
			sourceTree = "<group>";
		};
		29B97315FDCFA39411CA2CEA /* Other Sources */ = {
			isa = PBXGroup;
			children = (
				38AEA61212DA95C600E9339B /* MPLib */,
				32CA4F630368D1EE00C91783 /* HowOld_Prefix.pch */,
				29B97316FDCFA39411CA2CEA /* main.m */,
			);
			name = "Other Sources";
			sourceTree = "<group>";
		};
		29B97317FDCFA39411CA2CEA /* Resources */ = {
			isa = PBXGroup;
			children = (
				389A0C2512DAA2BA0007AEE9 /* icon.png */,
				2899E5210DE3E06400AC0155 /* HowOldViewController.xib */,
				28AD733E0D9D9553002E5188 /* MainWindow.xib */,
				8D1107310486CEB800E47090 /* HowOld-Info.plist */,
			);
			name = Resources;
			sourceTree = "<group>";
		};
		29B97323FDCFA39411CA2CEA /* Frameworks */ = {
			isa = PBXGroup;
			children = (
				1DF5F4DF0D08C38300B7A737 /* UIKit.framework */,
				1D30AB110D05D00D00671497 /* Foundation.framework */,
				288765A40DF7441C002DB57D /* CoreGraphics.framework */,
				38789C5512DA118600998694 /* libxml2.dylib */,
				3815396712DA293500BB35E0 /* iAd.framework */,
			);
			name = Frameworks;
			sourceTree = "<group>";
		};
		38789B4912DA002500998694 /* ASIHTTPRequest */ = {
			isa = PBXGroup;
			children = (
				38789B4A12DA002500998694 /* ASIAuthenticationDialog.h */,
				38789B4B12DA002500998694 /* ASIAuthenticationDialog.m */,
				38789B4C12DA002500998694 /* ASICacheDelegate.h */,
				38789B4D12DA002500998694 /* ASIDataCompressor.h */,
				38789B4E12DA002500998694 /* ASIDataCompressor.m */,
				38789B4F12DA002500998694 /* ASIDataDecompressor.h */,
				38789B5012DA002500998694 /* ASIDataDecompressor.m */,
				38789B5112DA002500998694 /* ASIDownloadCache.h */,
				38789B5212DA002500998694 /* ASIDownloadCache.m */,
				38789B5312DA002500998694 /* ASIFormDataRequest.h */,
				38789B5412DA002500998694 /* ASIFormDataRequest.m */,
				38789B5512DA002500998694 /* ASIHTTPRequest.h */,
				38789B5612DA002500998694 /* ASIHTTPRequest.m */,
				38789B5712DA002500998694 /* ASIHTTPRequestConfig.h */,
				38789B5812DA002500998694 /* ASIHTTPRequestDelegate.h */,
				38789B5912DA002500998694 /* ASIInputStream.h */,
				38789B5A12DA002500998694 /* ASIInputStream.m */,
				38789B5B12DA002500998694 /* ASINetworkQueue.h */,
				38789B5C12DA002500998694 /* ASINetworkQueue.m */,
				38789B5D12DA002500998694 /* ASIProgressDelegate.h */,
				38789B5E12DA002500998694 /* Reachability.h */,
				38789B5F12DA002500998694 /* Reachability.m */,
			);
			path = ASIHTTPRequest;
			sourceTree = "<group>";
		};
		38789C4012DA0FBE00998694 /* HTMLParser */ = {
			isa = PBXGroup;
			children = (
				38789C4112DA0FBE00998694 /* HTMLNode.h */,
				38789C4212DA0FBE00998694 /* HTMLNode.m */,
				38789C4312DA0FBE00998694 /* HTMLParser.h */,
				38789C4412DA0FBE00998694 /* HTMLParser.m */,
			);
			path = HTMLParser;
			sourceTree = "<group>";
		};
		38AEA61212DA95C600E9339B /* MPLib */ = {
			isa = PBXGroup;
			children = (
				38AEA61312DA95C600E9339B /* lib */,
				38AEA62A12DA95C600E9339B /* MixpanelAPI.h */,
				38AEA62B12DA95C600E9339B /* MixpanelAPI.m */,
				38AEA62C12DA95C600E9339B /* MixpanelEvent.h */,
				38AEA62D12DA95C600E9339B /* MixpanelEvent.m */,
			);
			name = MPLib;
			path = Classes/MPLib;
			sourceTree = "<group>";
		};
		38AEA61312DA95C600E9339B /* lib */ = {
			isa = PBXGroup;
			children = (
				38AEA61412DA95C600E9339B /* JSON */,
				38AEA62712DA95C600E9339B /* NSData_Base64 */,
			);
			path = lib;
			sourceTree = "<group>";
		};
		38AEA61412DA95C600E9339B /* JSON */ = {
			isa = PBXGroup;
			children = (
				38AEA61512DA95C600E9339B /* CDataScanner.h */,
				38AEA61612DA95C600E9339B /* CDataScanner.m */,
				38AEA61712DA95C600E9339B /* CDataScanner_Extensions.h */,
				38AEA61812DA95C600E9339B /* CDataScanner_Extensions.m */,
				38AEA61912DA95C600E9339B /* CJSONDataSerializer.h */,
				38AEA61A12DA95C600E9339B /* CJSONDataSerializer.m */,
				38AEA61B12DA95C600E9339B /* CJSONDeserializer.h */,
				38AEA61C12DA95C600E9339B /* CJSONDeserializer.m */,
				38AEA61D12DA95C600E9339B /* CJSONScanner.h */,
				38AEA61E12DA95C600E9339B /* CJSONScanner.m */,
				38AEA61F12DA95C600E9339B /* CJSONSerializer.h */,
				38AEA62012DA95C600E9339B /* CJSONSerializer.m */,
				38AEA62112DA95C600E9339B /* CSerializedJSONData.h */,
				38AEA62212DA95C600E9339B /* CSerializedJSONData.m */,
				38AEA62312DA95C600E9339B /* NSCharacterSet_Extensions.h */,
				38AEA62412DA95C600E9339B /* NSCharacterSet_Extensions.m */,
				38AEA62512DA95C600E9339B /* NSScanner_Extensions.h */,
				38AEA62612DA95C600E9339B /* NSScanner_Extensions.m */,
			);
			path = JSON;
			sourceTree = "<group>";
		};
		38AEA62712DA95C600E9339B /* NSData_Base64 */ = {
			isa = PBXGroup;
			children = (
				38AEA62812DA95C600E9339B /* NSData+Base64.h */,
				38AEA62912DA95C600E9339B /* NSData+Base64.m */,
			);
			path = NSData_Base64;
			sourceTree = "<group>";
		};
/* End PBXGroup section */

/* Begin PBXNativeTarget section */
		1D6058900D05DD3D006BFB54 /* HowOld */ = {
			isa = PBXNativeTarget;
			buildConfigurationList = 1D6058960D05DD3E006BFB54 /* Build configuration list for PBXNativeTarget "HowOld" */;
			buildPhases = (
				1D60588D0D05DD3D006BFB54 /* Resources */,
				1D60588E0D05DD3D006BFB54 /* Sources */,
				1D60588F0D05DD3D006BFB54 /* Frameworks */,
			);
			buildRules = (
			);
			dependencies = (
			);
			name = HowOld;
			productName = HowOld;
			productReference = 1D6058910D05DD3D006BFB54 /* HowOld.app */;
			productType = "com.apple.product-type.application";
		};
/* End PBXNativeTarget section */

/* Begin PBXProject section */
		29B97313FDCFA39411CA2CEA /* Project object */ = {
			isa = PBXProject;
			buildConfigurationList = C01FCF4E08A954540054247B /* Build configuration list for PBXProject "HowOld" */;
			compatibilityVersion = "Xcode 3.1";
			developmentRegion = English;
			hasScannedForEncodings = 1;
			knownRegions = (
				English,
				Japanese,
				French,
				German,
			);
			mainGroup = 29B97314FDCFA39411CA2CEA /* CustomTemplate */;
			projectDirPath = "";
			projectRoot = "";
			targets = (
				1D6058900D05DD3D006BFB54 /* HowOld */,
			);
		};
/* End PBXProject section */

/* Begin PBXResourcesBuildPhase section */
		1D60588D0D05DD3D006BFB54 /* Resources */ = {
			isa = PBXResourcesBuildPhase;
			buildActionMask = 2147483647;
			files = (
				28AD733F0D9D9553002E5188 /* MainWindow.xib in Resources */,
				2899E5220DE3E06400AC0155 /* HowOldViewController.xib in Resources */,
				389A0C2612DAA2BA0007AEE9 /* icon.png in Resources */,
			);
			runOnlyForDeploymentPostprocessing = 0;
		};
/* End PBXResourcesBuildPhase section */

/* Begin PBXSourcesBuildPhase section */
		1D60588E0D05DD3D006BFB54 /* Sources */ = {
			isa = PBXSourcesBuildPhase;
			buildActionMask = 2147483647;
			files = (
				1D60589B0D05DD56006BFB54 /* main.m in Sources */,
				1D3623260D0F684500981E51 /* HowOldAppDelegate.m in Sources */,
				28D7ACF80DDB3853001CB0EB /* HowOldViewController.m in Sources */,
				38789B6012DA002500998694 /* ASIAuthenticationDialog.m in Sources */,
				38789B6112DA002500998694 /* ASIDataCompressor.m in Sources */,
				38789B6212DA002500998694 /* ASIDataDecompressor.m in Sources */,
				38789B6312DA002500998694 /* ASIDownloadCache.m in Sources */,
				38789B6412DA002500998694 /* ASIFormDataRequest.m in Sources */,
				38789B6512DA002500998694 /* ASIHTTPRequest.m in Sources */,
				38789B6612DA002500998694 /* ASIInputStream.m in Sources */,
				38789B6712DA002500998694 /* ASINetworkQueue.m in Sources */,
				38789B6812DA002500998694 /* Reachability.m in Sources */,
				38789C4512DA0FBE00998694 /* HTMLNode.m in Sources */,
				38789C4612DA0FBE00998694 /* HTMLParser.m in Sources */,
				38AEA62E12DA95C600E9339B /* CDataScanner.m in Sources */,
				38AEA62F12DA95C600E9339B /* CDataScanner_Extensions.m in Sources */,
				38AEA63012DA95C600E9339B /* CJSONDataSerializer.m in Sources */,
				38AEA63112DA95C600E9339B /* CJSONDeserializer.m in Sources */,
				38AEA63212DA95C600E9339B /* CJSONScanner.m in Sources */,
				38AEA63312DA95C600E9339B /* CJSONSerializer.m in Sources */,
				38AEA63412DA95C600E9339B /* CSerializedJSONData.m in Sources */,
				38AEA63512DA95C600E9339B /* NSCharacterSet_Extensions.m in Sources */,
				38AEA63612DA95C600E9339B /* NSScanner_Extensions.m in Sources */,
				38AEA63712DA95C600E9339B /* NSData+Base64.m in Sources */,
				38AEA63812DA95C600E9339B /* MixpanelAPI.m in Sources */,
				38AEA63912DA95C600E9339B /* MixpanelEvent.m in Sources */,
			);
			runOnlyForDeploymentPostprocessing = 0;
		};
/* End PBXSourcesBuildPhase section */

/* Begin XCBuildConfiguration section */
		1D6058940D05DD3E006BFB54 /* Debug */ = {
			isa = XCBuildConfiguration;
			buildSettings = {
				ALWAYS_SEARCH_USER_PATHS = NO;
				COPY_PHASE_STRIP = NO;
				GCC_DYNAMIC_NO_PIC = NO;
				GCC_OPTIMIZATION_LEVEL = 0;
				GCC_PRECOMPILE_PREFIX_HEADER = YES;
				GCC_PREFIX_HEADER = HowOld_Prefix.pch;
				INFOPLIST_FILE = "HowOld-Info.plist";
				PRODUCT_NAME = HowOld;
			};
			name = Debug;
		};
		1D6058950D05DD3E006BFB54 /* Release */ = {
			isa = XCBuildConfiguration;
			buildSettings = {
				ALWAYS_SEARCH_USER_PATHS = NO;
				COPY_PHASE_STRIP = YES;
				GCC_PRECOMPILE_PREFIX_HEADER = YES;
				GCC_PREFIX_HEADER = HowOld_Prefix.pch;
				INFOPLIST_FILE = "HowOld-Info.plist";
				PRODUCT_NAME = HowOld;
				VALIDATE_PRODUCT = YES;
			};
			name = Release;
		};
		C01FCF4F08A954540054247B /* Debug */ = {
			isa = XCBuildConfiguration;
			buildSettings = {
				ARCHS = "$(ARCHS_STANDARD_32_BIT)";
				"CODE_SIGN_IDENTITY[sdk=iphoneos*]" = "iPhone Developer";
				GCC_C_LANGUAGE_STANDARD = c99;
				GCC_WARN_ABOUT_RETURN_TYPE = YES;
				GCC_WARN_UNUSED_VARIABLE = YES;
				HEADER_SEARCH_PATHS = /usr/include/libxml2;
				OTHER_LDFLAGS = "";
				PREBINDING = NO;
				SDKROOT = iphoneos;
			};
			name = Debug;
		};
		C01FCF5008A954540054247B /* Release */ = {
			isa = XCBuildConfiguration;
			buildSettings = {
				ARCHS = "$(ARCHS_STANDARD_32_BIT)";
				"CODE_SIGN_IDENTITY[sdk=iphoneos*]" = "iPhone Developer";
				GCC_C_LANGUAGE_STANDARD = c99;
				GCC_WARN_ABOUT_RETURN_TYPE = YES;
				GCC_WARN_UNUSED_VARIABLE = YES;
				OTHER_CFLAGS = "-DNS_BLOCK_ASSERTIONS=1";
				PREBINDING = NO;
				SDKROOT = iphoneos;
			};
			name = Release;
		};
/* End XCBuildConfiguration section */

/* Begin XCConfigurationList section */
		1D6058960D05DD3E006BFB54 /* Build configuration list for PBXNativeTarget "HowOld" */ = {
			isa = XCConfigurationList;
			buildConfigurations = (
				1D6058940D05DD3E006BFB54 /* Debug */,
				1D6058950D05DD3E006BFB54 /* Release */,
			);
			defaultConfigurationIsVisible = 0;
			defaultConfigurationName = Release;
		};
		C01FCF4E08A954540054247B /* Build configuration list for PBXProject "HowOld" */ = {
			isa = XCConfigurationList;
			buildConfigurations = (
				C01FCF4F08A954540054247B /* Debug */,
				C01FCF5008A954540054247B /* Release */,
			);
			defaultConfigurationIsVisible = 0;
			defaultConfigurationName = Release;
		};
/* End XCConfigurationList section */
	};
	rootObject = 29B97313FDCFA39411CA2CEA /* Project object */;
}
